<Solution>
  <Folder Name="/src/" />
  <Folder Name="/src/Modules/" />
  <Folder Name="/src/Modules/ApprovalWorkflow/" />
  <Folder Name="/src/Modules/ApprovalWorkflow/Domain/">
    <Project Path="src/Modules/ApprovalWorkflow/Domain/ApprovalWorkflow.Domain.csproj" />
  </Folder>
  <Folder Name="/src/Modules/CapacityManagement/" />
  <Folder Name="/src/Modules/CapacityManagement/Domain/">
    <Project Path="src/Modules/CapacityManagement/Domain/CapacityManagement.Domain.csproj" />
  </Folder>
  <Folder Name="/src/Modules/IdentitySync/" />
  <Folder Name="/src/Modules/IdentitySync/Domain/">
    <Project Path="src/Modules/IdentitySync/Domain/IdentitySync.Domain.csproj" />
  </Folder>
  <Folder Name="/src/Modules/ServiceNowIntegration/" />
  <Folder Name="/src/Modules/ServiceNowIntegration/Domain/">
    <Project Path="src/Modules/ServiceNowIntegration/Domain/ServiceNowIntegration.Domain.csproj" />
  </Folder>
  <Folder Name="/src/Modules/VacationManagement/" />
  <Folder Name="/src/Modules/VacationManagement/Domain/">
    <Project Path="src/Modules/VacationManagement/Domain/VacationManagement.Domain.csproj" />
  </Folder>
  <Folder Name="/tests/">
    <Project Path="tests/ApprovalWorkflow.Domain.Tests/ApprovalWorkflow.Domain.Tests.csproj" />
    <Project Path="tests/CapacityManagement.Domain.Tests/CapacityManagement.Domain.Tests.csproj" />
    <Project Path="tests/IdentitySync.Domain.Tests/IdentitySync.Domain.Tests.csproj" />
    <Project Path="tests/ServiceNowIntegration.Domain.Tests/ServiceNowIntegration.Domain.Tests.csproj" />
    <Project Path="tests/VacationManagement.Domain.Tests/VacationManagement.Domain.Tests.csproj" />
  </Folder>
</Solution>
