<Solution>
  <Folder Name="/src/" />
  <Folder Name="/src/Modules/" />
  <Folder Name="/src/Modules/VacationManagement/" />
  <Folder Name="/src/Modules/VacationManagement/Domain/">
    <Project Path="src/Modules/VacationManagement/Domain/VacationManagement.Domain.csproj" />
  </Folder>
  <Folder Name="/tests/">
    <Project Path="tests/VacationManagement.Domain.Tests/VacationManagement.Domain.Tests.csproj" />
  </Folder>
</Solution>
